
Microsoft Visual Studio Solution File, Format Version 12.00
# Visual Studio Version 17
VisualStudioVersion = 17.11.35327.3
MinimumVisualStudioVersion = 10.0.40219.1
Project("{FAE04EC0-301F-11D3-BF4B-00C04F79EFBC}") = "ItalianCharmBracelet", "ItalianCharmBracelet.csproj", "{83A0AE26-F42F-4D69-A1F1-E0DC3933B68C}"
EndProject
Global
	GlobalSection(SolutionConfigurationPlatforms) = preSolution
		Debug|Any CPU = Debug|Any CPU
		Release|Any CPU = Release|Any CPU
	EndGlobalSection
	GlobalSection(ProjectConfigurationPlatforms) = postSolution
		{83A0AE26-F42F-4D69-A1F1-E0DC3933B68C}.Debug|Any CPU.ActiveCfg = Debug|Any CPU
		{83A0AE26-F42F-4D69-A1F1-E0DC3933B68C}.Debug|Any CPU.Build.0 = Debug|Any CPU
		{83A0AE26-F42F-4D69-A1F1-E0DC3933B68C}.Release|Any CPU.ActiveCfg = Release|Any CPU
		{83A0AE26-F42F-4D69-A1F1-E0DC3933B68C}.Release|Any CPU.Build.0 = Release|Any CPU
	EndGlobalSection
	GlobalSection(SolutionProperties) = preSolution
		HideSolutionNode = FALSE
	EndGlobalSection
	GlobalSection(ExtensibilityGlobals) = postSolution
		SolutionGuid = {F407D7AE-1640-41C3-A7E6-678B4FA76E75}
	EndGlobalSection
EndGlobal
